{
  "name": "test",
  "version": "1.0.0",
  "lockfileVersion": 3,
  "requires": true,
  "packages": {
    "": {
      "name": "test",
      "version": "1.0.0",
      "license": "ISC",
      "dependencies": {
        "@lspriv/wx-calendar": "^1.8.5-alpha.1"
      }
    },
    "node_modules/@lspriv/wx-calendar": {
      "version": "1.8.5-alpha.1",
      "resolved": "https://registry.npmjs.org/@lspriv/wx-calendar/-/wx-calendar-1.8.5-alpha.1.tgz",
      "integrity": "sha512-1hSFX4cytv4zoUBKaY3dT+r2TQGm2rEUXWd2WeIhrEVc4X/Ox9MAc5WueVpheDeRPFiH5eGaSXUU0E9ZmJjsZw==",
      "license": "MIT",
      "engines": {
        "node": ">=16.13.0"
      }
    }
  }
}
